
Microsoft Visual Studio Solution File, Format Version 12.00
# Visual Studio Version 16
VisualStudioVersion = 16.0.35130.168
MinimumVisualStudioVersion = 10.0.40219.1
Project("{FAE04EC0-301F-11D3-BF4B-00C04F79EFBC}") = "CRUD SQL", "CRUD SQL\CRUD SQL.csproj", "{98CC5636-A02B-488A-8EF6-2691B6B17D24}"
EndProject
Global
	GlobalSection(SolutionConfigurationPlatforms) = preSolution
		Debug|Any CPU = Debug|Any CPU
		Release|Any CPU = Release|Any CPU
	EndGlobalSection
	GlobalSection(ProjectConfigurationPlatforms) = postSolution
		{98CC5636-A02B-488A-8EF6-2691B6B17D24}.Debug|Any CPU.ActiveCfg = Debug|Any CPU
		{98CC5636-A02B-488A-8EF6-2691B6B17D24}.Debug|Any CPU.Build.0 = Debug|Any CPU
		{98CC5636-A02B-488A-8EF6-2691B6B17D24}.Release|Any CPU.ActiveCfg = Release|Any CPU
		{98CC5636-A02B-488A-8EF6-2691B6B17D24}.Release|Any CPU.Build.0 = Release|Any CPU
	EndGlobalSection
	GlobalSection(SolutionProperties) = preSolution
		HideSolutionNode = FALSE
	EndGlobalSection
	GlobalSection(ExtensibilityGlobals) = postSolution
		SolutionGuid = {F877CE7F-4A09-4205-B4F6-5E1AC2DB825D}
	EndGlobalSection
EndGlobal
